
Microsoft Visual Studio Solution File, Format Version 12.00
# Visual Studio Version 17
VisualStudioVersion = 17.4.33110.190
MinimumVisualStudioVersion = 10.0.40219.1
Project("{FAE04EC0-301F-11D3-BF4B-00C04F79EFBC}") = "apiIdentityJwt", "apiIdentityJwt.csproj", "{AFC72D47-9A5F-49A7-9153-EB789C255AEA}"
EndProject
Global
	GlobalSection(SolutionConfigurationPlatforms) = preSolution
		Debug|Any CPU = Debug|Any CPU
		Release|Any CPU = Release|Any CPU
	EndGlobalSection
	GlobalSection(ProjectConfigurationPlatforms) = postSolution
		{AFC72D47-9A5F-49A7-9153-EB789C255AEA}.Debug|Any CPU.ActiveCfg = Debug|Any CPU
		{AFC72D47-9A5F-49A7-9153-EB789C255AEA}.Debug|Any CPU.Build.0 = Debug|Any CPU
		{AFC72D47-9A5F-49A7-9153-EB789C255AEA}.Release|Any CPU.ActiveCfg = Release|Any CPU
		{AFC72D47-9A5F-49A7-9153-EB789C255AEA}.Release|Any CPU.Build.0 = Release|Any CPU
	EndGlobalSection
	GlobalSection(SolutionProperties) = preSolution
		HideSolutionNode = FALSE
	EndGlobalSection
	GlobalSection(ExtensibilityGlobals) = postSolution
		SolutionGuid = {36D5C27A-A953-4F29-A2CE-AA27568E0D5C}
	EndGlobalSection
EndGlobal
